// !$*UTF8*$!
{
	archiveVersion = 1;
	classes = {
	};
	objectVersion = 54;
	objects = {

/* Begin PBXBuildFile section */
		4645BF89276347CD0079B5A2 /* SwiftUIPreView.swift in Sources */ = {isa = PBXBuildFile; fileRef = 4645BF88276347CD0079B5A2 /* SwiftUIPreView.swift */; };
		7A1643AD2769205E00F33A5E /* BundleService.swift in Sources */ = {isa = PBXBuildFile; fileRef = 7A1643AC2769205E00F33A5E /* BundleService.swift */; };
		7A1643B627692E7700F33A5E /* SettingsView.swift in Sources */ = {isa = PBXBuildFile; fileRef = 7A1643B527692E7700F33A5E /* SettingsView.swift */; };
		7A271A132768BF36004206EB /* SettingsInteractor.swift in Sources */ = {isa = PBXBuildFile; fileRef = 7A271A122768BF36004206EB /* SettingsInteractor.swift */; };
		7A271A152768BF42004206EB /* SettingsPresenter.swift in Sources */ = {isa = PBXBuildFile; fileRef = 7A271A142768BF42004206EB /* SettingsPresenter.swift */; };
		7A271A172768C32E004206EB /* ShowSettings.swift in Sources */ = {isa = PBXBuildFile; fileRef = 7A271A162768C32E004206EB /* ShowSettings.swift */; };
		7A271A1D2768EA0A004206EB /* SettingsCell.swift in Sources */ = {isa = PBXBuildFile; fileRef = 7A271A1C2768EA0A004206EB /* SettingsCell.swift */; };
		980C0C2E2705077B00F8100A /* AppDelegate.swift in Sources */ = {isa = PBXBuildFile; fileRef = 980C0C2D2705077B00F8100A /* AppDelegate.swift */; };
		980C0C302705077B00F8100A /* SceneDelegate.swift in Sources */ = {isa = PBXBuildFile; fileRef = 980C0C2F2705077B00F8100A /* SceneDelegate.swift */; };
		980C0C322705077B00F8100A /* ListViewController.swift in Sources */ = {isa = PBXBuildFile; fileRef = 980C0C312705077B00F8100A /* ListViewController.swift */; };
		980C0C372705078100F8100A /* Assets.xcassets in Resources */ = {isa = PBXBuildFile; fileRef = 980C0C362705078100F8100A /* Assets.xcassets */; };
		980C0C3A2705078100F8100A /* LaunchScreen.storyboard in Resources */ = {isa = PBXBuildFile; fileRef = 980C0C382705078100F8100A /* LaunchScreen.storyboard */; };
		980C0C4827061F8900F8100A /* Service.swift in Sources */ = {isa = PBXBuildFile; fileRef = 980C0C4727061F8900F8100A /* Service.swift */; };
		980C0C4A27061FBA00F8100A /* ListView.swift in Sources */ = {isa = PBXBuildFile; fileRef = 980C0C4927061FBA00F8100A /* ListView.swift */; };
		9824AD64273322AD001044D2 /* DetailViewController.swift in Sources */ = {isa = PBXBuildFile; fileRef = 9824AD63273322AD001044D2 /* DetailViewController.swift */; };
		9824AD66273322C6001044D2 /* SettingsViewController.swift in Sources */ = {isa = PBXBuildFile; fileRef = 9824AD65273322C6001044D2 /* SettingsViewController.swift */; };
		985869FF270E3E4E0088A775 /* OnboardingChallengeTests.swift in Sources */ = {isa = PBXBuildFile; fileRef = 985869FE270E3E4E0088A775 /* OnboardingChallengeTests.swift */; };
		98586A06270E3EC40088A775 /* ListViewConfiguration.swift in Sources */ = {isa = PBXBuildFile; fileRef = 98586A05270E3EC40088A775 /* ListViewConfiguration.swift */; };
		98586A09270E40430088A775 /* UITableViewCell+Extensions.swift in Sources */ = {isa = PBXBuildFile; fileRef = 98586A08270E40430088A775 /* UITableViewCell+Extensions.swift */; };
		98586A0B270E407D0088A775 /* UIColor+Extensions.swift in Sources */ = {isa = PBXBuildFile; fileRef = 98586A0A270E407D0088A775 /* UIColor+Extensions.swift */; };
		98586A0D270E40DF0088A775 /* UIViewController+Extensions.swift in Sources */ = {isa = PBXBuildFile; fileRef = 98586A0C270E40DF0088A775 /* UIViewController+Extensions.swift */; };
		98586A0F270E41DF0088A775 /* String+Extensions.swift in Sources */ = {isa = PBXBuildFile; fileRef = 98586A0E270E41DF0088A775 /* String+Extensions.swift */; };
/* End PBXBuildFile section */

/* Begin PBXContainerItemProxy section */
		98586A00270E3E4E0088A775 /* PBXContainerItemProxy */ = {
			isa = PBXContainerItemProxy;
			containerPortal = 980C0C222705077B00F8100A /* Project object */;
			proxyType = 1;
			remoteGlobalIDString = 980C0C292705077B00F8100A;
			remoteInfo = OnboardingChallenge;
		};
/* End PBXContainerItemProxy section */

/* Begin PBXFileReference section */
		4645BF88276347CD0079B5A2 /* SwiftUIPreView.swift */ = {isa = PBXFileReference; lastKnownFileType = sourcecode.swift; path = SwiftUIPreView.swift; sourceTree = "<group>"; };
		7A1643AC2769205E00F33A5E /* BundleService.swift */ = {isa = PBXFileReference; lastKnownFileType = sourcecode.swift; path = BundleService.swift; sourceTree = "<group>"; };
		7A1643B527692E7700F33A5E /* SettingsView.swift */ = {isa = PBXFileReference; lastKnownFileType = sourcecode.swift; path = SettingsView.swift; sourceTree = "<group>"; };
		7A271A122768BF36004206EB /* SettingsInteractor.swift */ = {isa = PBXFileReference; lastKnownFileType = sourcecode.swift; path = SettingsInteractor.swift; sourceTree = "<group>"; };
		7A271A142768BF42004206EB /* SettingsPresenter.swift */ = {isa = PBXFileReference; lastKnownFileType = sourcecode.swift; path = SettingsPresenter.swift; sourceTree = "<group>"; };
		7A271A162768C32E004206EB /* ShowSettings.swift */ = {isa = PBXFileReference; lastKnownFileType = sourcecode.swift; name = ShowSettings.swift; path = OnboardingChallenge/Screens/Settings/ShowSettings.swift; sourceTree = SOURCE_ROOT; };
		7A271A1C2768EA0A004206EB /* SettingsCell.swift */ = {isa = PBXFileReference; lastKnownFileType = sourcecode.swift; path = SettingsCell.swift; sourceTree = "<group>"; };
		980C0C2A2705077B00F8100A /* OnboardingChallenge.app */ = {isa = PBXFileReference; explicitFileType = wrapper.application; includeInIndex = 0; path = OnboardingChallenge.app; sourceTree = BUILT_PRODUCTS_DIR; };
		980C0C2D2705077B00F8100A /* AppDelegate.swift */ = {isa = PBXFileReference; lastKnownFileType = sourcecode.swift; path = AppDelegate.swift; sourceTree = "<group>"; };
		980C0C2F2705077B00F8100A /* SceneDelegate.swift */ = {isa = PBXFileReference; lastKnownFileType = sourcecode.swift; path = SceneDelegate.swift; sourceTree = "<group>"; };
		980C0C312705077B00F8100A /* ListViewController.swift */ = {isa = PBXFileReference; lastKnownFileType = sourcecode.swift; path = ListViewController.swift; sourceTree = "<group>"; };
		980C0C362705078100F8100A /* Assets.xcassets */ = {isa = PBXFileReference; lastKnownFileType = folder.assetcatalog; path = Assets.xcassets; sourceTree = "<group>"; };
		980C0C392705078100F8100A /* Base */ = {isa = PBXFileReference; lastKnownFileType = file.storyboard; name = Base; path = Base.lproj/LaunchScreen.storyboard; sourceTree = "<group>"; };
		980C0C3B2705078100F8100A /* Info.plist */ = {isa = PBXFileReference; lastKnownFileType = text.plist.xml; path = Info.plist; sourceTree = "<group>"; };
		980C0C4727061F8900F8100A /* Service.swift */ = {isa = PBXFileReference; lastKnownFileType = sourcecode.swift; path = Service.swift; sourceTree = "<group>"; };
		980C0C4927061FBA00F8100A /* ListView.swift */ = {isa = PBXFileReference; lastKnownFileType = sourcecode.swift; path = ListView.swift; sourceTree = "<group>"; };
		9824AD63273322AD001044D2 /* DetailViewController.swift */ = {isa = PBXFileReference; lastKnownFileType = sourcecode.swift; path = DetailViewController.swift; sourceTree = "<group>"; };
		9824AD65273322C6001044D2 /* SettingsViewController.swift */ = {isa = PBXFileReference; lastKnownFileType = sourcecode.swift; path = SettingsViewController.swift; sourceTree = "<group>"; };
		985869FC270E3E4E0088A775 /* OnboardingChallengeTests.xctest */ = {isa = PBXFileReference; explicitFileType = wrapper.cfbundle; includeInIndex = 0; path = OnboardingChallengeTests.xctest; sourceTree = BUILT_PRODUCTS_DIR; };
		985869FE270E3E4E0088A775 /* OnboardingChallengeTests.swift */ = {isa = PBXFileReference; lastKnownFileType = sourcecode.swift; path = OnboardingChallengeTests.swift; sourceTree = "<group>"; };
		98586A05270E3EC40088A775 /* ListViewConfiguration.swift */ = {isa = PBXFileReference; lastKnownFileType = sourcecode.swift; path = ListViewConfiguration.swift; sourceTree = "<group>"; };
		98586A08270E40430088A775 /* UITableViewCell+Extensions.swift */ = {isa = PBXFileReference; lastKnownFileType = sourcecode.swift; path = "UITableViewCell+Extensions.swift"; sourceTree = "<group>"; };
		98586A0A270E407D0088A775 /* UIColor+Extensions.swift */ = {isa = PBXFileReference; lastKnownFileType = sourcecode.swift; path = "UIColor+Extensions.swift"; sourceTree = "<group>"; };
		98586A0C270E40DF0088A775 /* UIViewController+Extensions.swift */ = {isa = PBXFileReference; lastKnownFileType = sourcecode.swift; path = "UIViewController+Extensions.swift"; sourceTree = "<group>"; };
		98586A0E270E41DF0088A775 /* String+Extensions.swift */ = {isa = PBXFileReference; lastKnownFileType = sourcecode.swift; path = "String+Extensions.swift"; sourceTree = "<group>"; };
/* End PBXFileReference section */

/* Begin PBXFrameworksBuildPhase section */
		980C0C272705077B00F8100A /* Frameworks */ = {
			isa = PBXFrameworksBuildPhase;
			buildActionMask = 2147483647;
			files = (
			);
			runOnlyForDeploymentPostprocessing = 0;
		};
		985869F9270E3E4E0088A775 /* Frameworks */ = {
			isa = PBXFrameworksBuildPhase;
			buildActionMask = 2147483647;
			files = (
			);
			runOnlyForDeploymentPostprocessing = 0;
		};
/* End PBXFrameworksBuildPhase section */

/* Begin PBXGroup section */
		4645BF87276347B60079B5A2 /* Helpers */ = {
			isa = PBXGroup;
			children = (
				4645BF88276347CD0079B5A2 /* SwiftUIPreView.swift */,
			);
			path = Helpers;
			sourceTree = "<group>";
		};
		7A1643B427692E6300F33A5E /* Views */ = {
			isa = PBXGroup;
			children = (
				9824AD65273322C6001044D2 /* SettingsViewController.swift */,
				7A1643B527692E7700F33A5E /* SettingsView.swift */,
			);
			path = Views;
			sourceTree = "<group>";
		};
		7A271A1B2768E9F5004206EB /* Cell */ = {
			isa = PBXGroup;
			children = (
				7A271A1C2768EA0A004206EB /* SettingsCell.swift */,
			);
			path = Cell;
			sourceTree = "<group>";
		};
		980C0C212705077B00F8100A = {
			isa = PBXGroup;
			children = (
				980C0C2C2705077B00F8100A /* OnboardingChallenge */,
				985869FD270E3E4E0088A775 /* OnboardingChallengeTests */,
				980C0C2B2705077B00F8100A /* Products */,
			);
			sourceTree = "<group>";
		};
		980C0C2B2705077B00F8100A /* Products */ = {
			isa = PBXGroup;
			children = (
				980C0C2A2705077B00F8100A /* OnboardingChallenge.app */,
				985869FC270E3E4E0088A775 /* OnboardingChallengeTests.xctest */,
			);
			name = Products;
			sourceTree = "<group>";
		};
		980C0C2C2705077B00F8100A /* OnboardingChallenge */ = {
			isa = PBXGroup;
			children = (
				4645BF87276347B60079B5A2 /* Helpers */,
				980C0C4527061F3B00F8100A /* Resources */,
				980C0C4127061EC000F8100A /* AppDelegate */,
				980C0C4227061ED300F8100A /* Screens */,
				980C0C4627061F6400F8100A /* Service */,
				9822D796270E45E3005FAAA2 /* Models */,
				98586A07270E3FEF0088A775 /* Extensions */,
			);
			path = OnboardingChallenge;
			sourceTree = "<group>";
		};
		980C0C4127061EC000F8100A /* AppDelegate */ = {
			isa = PBXGroup;
			children = (
				980C0C2D2705077B00F8100A /* AppDelegate.swift */,
				980C0C2F2705077B00F8100A /* SceneDelegate.swift */,
			);
			path = AppDelegate;
			sourceTree = "<group>";
		};
		980C0C4227061ED300F8100A /* Screens */ = {
			isa = PBXGroup;
			children = (
				980C0C4327061EDF00F8100A /* List */,
				980C0C4427061EE600F8100A /* Detail */,
				9824AD6227332295001044D2 /* Settings */,
			);
			path = Screens;
			sourceTree = "<group>";
		};
		980C0C4327061EDF00F8100A /* List */ = {
			isa = PBXGroup;
			children = (
				980C0C312705077B00F8100A /* ListViewController.swift */,
				980C0C4927061FBA00F8100A /* ListView.swift */,
				98586A05270E3EC40088A775 /* ListViewConfiguration.swift */,
			);
			path = List;
			sourceTree = "<group>";
		};
		980C0C4427061EE600F8100A /* Detail */ = {
			isa = PBXGroup;
			children = (
				9824AD63273322AD001044D2 /* DetailViewController.swift */,
			);
			path = Detail;
			sourceTree = "<group>";
		};
		980C0C4527061F3B00F8100A /* Resources */ = {
			isa = PBXGroup;
			children = (
				980C0C362705078100F8100A /* Assets.xcassets */,
				980C0C382705078100F8100A /* LaunchScreen.storyboard */,
				980C0C3B2705078100F8100A /* Info.plist */,
			);
			path = Resources;
			sourceTree = "<group>";
		};
		980C0C4627061F6400F8100A /* Service */ = {
			isa = PBXGroup;
			children = (
				980C0C4727061F8900F8100A /* Service.swift */,
				7A1643AC2769205E00F33A5E /* BundleService.swift */,
			);
			path = Service;
			sourceTree = "<group>";
		};
		9822D796270E45E3005FAAA2 /* Models */ = {
			isa = PBXGroup;
			children = (
			);
			path = Models;
			sourceTree = "<group>";
		};
		9824AD6227332295001044D2 /* Settings */ = {
			isa = PBXGroup;
			children = (
				7A1643B427692E6300F33A5E /* Views */,
				7A271A1B2768E9F5004206EB /* Cell */,
				7A271A162768C32E004206EB /* ShowSettings.swift */,
				7A271A122768BF36004206EB /* SettingsInteractor.swift */,
				7A271A142768BF42004206EB /* SettingsPresenter.swift */,
			);
			path = Settings;
			sourceTree = "<group>";
		};
		985869FD270E3E4E0088A775 /* OnboardingChallengeTests */ = {
			isa = PBXGroup;
			children = (
				985869FE270E3E4E0088A775 /* OnboardingChallengeTests.swift */,
			);
			path = OnboardingChallengeTests;
			sourceTree = "<group>";
		};
		98586A07270E3FEF0088A775 /* Extensions */ = {
			isa = PBXGroup;
			children = (
				98586A08270E40430088A775 /* UITableViewCell+Extensions.swift */,
				98586A0A270E407D0088A775 /* UIColor+Extensions.swift */,
				98586A0C270E40DF0088A775 /* UIViewController+Extensions.swift */,
				98586A0E270E41DF0088A775 /* String+Extensions.swift */,
			);
			path = Extensions;
			sourceTree = "<group>";
		};
/* End PBXGroup section */

/* Begin PBXNativeTarget section */
		980C0C292705077B00F8100A /* OnboardingChallenge */ = {
			isa = PBXNativeTarget;
			buildConfigurationList = 980C0C3E2705078100F8100A /* Build configuration list for PBXNativeTarget "OnboardingChallenge" */;
			buildPhases = (
				46B812DB2768EFC600A4867B /* Formatting */,
				46B812DA2768EF8800A4867B /* Linting */,
				980C0C262705077B00F8100A /* Sources */,
				980C0C272705077B00F8100A /* Frameworks */,
				980C0C282705077B00F8100A /* Resources */,
			);
			buildRules = (
			);
			dependencies = (
			);
			name = OnboardingChallenge;
			productName = OnboardingChallenge;
			productReference = 980C0C2A2705077B00F8100A /* OnboardingChallenge.app */;
			productType = "com.apple.product-type.application";
		};
		985869FB270E3E4E0088A775 /* OnboardingChallengeTests */ = {
			isa = PBXNativeTarget;
			buildConfigurationList = 98586A04270E3E4E0088A775 /* Build configuration list for PBXNativeTarget "OnboardingChallengeTests" */;
			buildPhases = (
				985869F8270E3E4E0088A775 /* Sources */,
				985869F9270E3E4E0088A775 /* Frameworks */,
				985869FA270E3E4E0088A775 /* Resources */,
			);
			buildRules = (
			);
			dependencies = (
				98586A01270E3E4E0088A775 /* PBXTargetDependency */,
			);
			name = OnboardingChallengeTests;
			productName = OnboardingChallengeTests;
			productReference = 985869FC270E3E4E0088A775 /* OnboardingChallengeTests.xctest */;
			productType = "com.apple.product-type.bundle.unit-test";
		};
/* End PBXNativeTarget section */

/* Begin PBXProject section */
		980C0C222705077B00F8100A /* Project object */ = {
			isa = PBXProject;
			attributes = {
				BuildIndependentTargetsInParallel = 1;
				LastSwiftUpdateCheck = 1300;
				LastUpgradeCheck = 1300;
				TargetAttributes = {
					980C0C292705077B00F8100A = {
						CreatedOnToolsVersion = 13.0;
					};
					985869FB270E3E4E0088A775 = {
						CreatedOnToolsVersion = 13.0;
						TestTargetID = 980C0C292705077B00F8100A;
					};
				};
			};
			buildConfigurationList = 980C0C252705077B00F8100A /* Build configuration list for PBXProject "OnboardingChallenge" */;
			compatibilityVersion = "Xcode 12.0";
			developmentRegion = en;
			hasScannedForEncodings = 0;
			knownRegions = (
				en,
				Base,
			);
			mainGroup = 980C0C212705077B00F8100A;
			productRefGroup = 980C0C2B2705077B00F8100A /* Products */;
			projectDirPath = "";
			projectRoot = "";
			targets = (
				980C0C292705077B00F8100A /* OnboardingChallenge */,
				985869FB270E3E4E0088A775 /* OnboardingChallengeTests */,
			);
		};
/* End PBXProject section */

/* Begin PBXResourcesBuildPhase section */
		980C0C282705077B00F8100A /* Resources */ = {
			isa = PBXResourcesBuildPhase;
			buildActionMask = 2147483647;
			files = (
				980C0C3A2705078100F8100A /* LaunchScreen.storyboard in Resources */,
				980C0C372705078100F8100A /* Assets.xcassets in Resources */,
			);
			runOnlyForDeploymentPostprocessing = 0;
		};
		985869FA270E3E4E0088A775 /* Resources */ = {
			isa = PBXResourcesBuildPhase;
			buildActionMask = 2147483647;
			files = (
			);
			runOnlyForDeploymentPostprocessing = 0;
		};
/* End PBXResourcesBuildPhase section */

/* Begin PBXShellScriptBuildPhase section */
		46B812DA2768EF8800A4867B /* Linting */ = {
			isa = PBXShellScriptBuildPhase;
			buildActionMask = 2147483647;
			files = (
			);
			inputFileListPaths = (
			);
			inputPaths = (
			);
			name = Linting;
			outputFileListPaths = (
			);
			outputPaths = (
			);
			runOnlyForDeploymentPostprocessing = 0;
			shellPath = /bin/sh;
			shellScript = "if which swiftlint >/dev/null; then\n  swiftlint --fix\n  swiftlint\nelse\n  echo \"warning: SwiftLint not installed, download from https://github.com/realm/SwiftLint\"\nfi\n";
		};
		46B812DB2768EFC600A4867B /* Formatting */ = {
			isa = PBXShellScriptBuildPhase;
			buildActionMask = 2147483647;
			files = (
			);
			inputFileListPaths = (
			);
			inputPaths = (
			);
			name = Formatting;
			outputFileListPaths = (
			);
			outputPaths = (
			);
			runOnlyForDeploymentPostprocessing = 0;
			shellPath = /bin/sh;
			shellScript = "if which swiftformat >/dev/null; then\n  swiftformat .\nelse\n  echo \"warning: SwiftFormat not installed, download from https://github.com/nicklockwood/SwiftFormat\"\nfi\n";
		};
/* End PBXShellScriptBuildPhase section */

/* Begin PBXSourcesBuildPhase section */
		980C0C262705077B00F8100A /* Sources */ = {
			isa = PBXSourcesBuildPhase;
			buildActionMask = 2147483647;
			files = (
				7A271A172768C32E004206EB /* ShowSettings.swift in Sources */,
				7A271A1D2768EA0A004206EB /* SettingsCell.swift in Sources */,
				9824AD64273322AD001044D2 /* DetailViewController.swift in Sources */,
				98586A0F270E41DF0088A775 /* String+Extensions.swift in Sources */,
				980C0C322705077B00F8100A /* ListViewController.swift in Sources */,
				7A1643AD2769205E00F33A5E /* BundleService.swift in Sources */,
				7A271A132768BF36004206EB /* SettingsInteractor.swift in Sources */,
				980C0C4827061F8900F8100A /* Service.swift in Sources */,
				980C0C4A27061FBA00F8100A /* ListView.swift in Sources */,
				98586A0B270E407D0088A775 /* UIColor+Extensions.swift in Sources */,
				98586A0D270E40DF0088A775 /* UIViewController+Extensions.swift in Sources */,
				98586A06270E3EC40088A775 /* ListViewConfiguration.swift in Sources */,
				98586A09270E40430088A775 /* UITableViewCell+Extensions.swift in Sources */,
				4645BF89276347CD0079B5A2 /* SwiftUIPreView.swift in Sources */,
				980C0C2E2705077B00F8100A /* AppDelegate.swift in Sources */,
				980C0C302705077B00F8100A /* SceneDelegate.swift in Sources */,
				9824AD66273322C6001044D2 /* SettingsViewController.swift in Sources */,
				7A271A152768BF42004206EB /* SettingsPresenter.swift in Sources */,
				7A1643B627692E7700F33A5E /* SettingsView.swift in Sources */,
			);
			runOnlyForDeploymentPostprocessing = 0;
		};
		985869F8270E3E4E0088A775 /* Sources */ = {
			isa = PBXSourcesBuildPhase;
			buildActionMask = 2147483647;
			files = (
				985869FF270E3E4E0088A775 /* OnboardingChallengeTests.swift in Sources */,
			);
			runOnlyForDeploymentPostprocessing = 0;
		};
/* End PBXSourcesBuildPhase section */

/* Begin PBXTargetDependency section */
		98586A01270E3E4E0088A775 /* PBXTargetDependency */ = {
			isa = PBXTargetDependency;
			target = 980C0C292705077B00F8100A /* OnboardingChallenge */;
			targetProxy = 98586A00270E3E4E0088A775 /* PBXContainerItemProxy */;
		};
/* End PBXTargetDependency section */

/* Begin PBXVariantGroup section */
		980C0C382705078100F8100A /* LaunchScreen.storyboard */ = {
			isa = PBXVariantGroup;
			children = (
				980C0C392705078100F8100A /* Base */,
			);
			name = LaunchScreen.storyboard;
			sourceTree = "<group>";
		};
/* End PBXVariantGroup section */

/* Begin XCBuildConfiguration section */
		980C0C3C2705078100F8100A /* Debug */ = {
			isa = XCBuildConfiguration;
			buildSettings = {
				ALWAYS_SEARCH_USER_PATHS = NO;
				CLANG_ANALYZER_NONNULL = YES;
				CLANG_ANALYZER_NUMBER_OBJECT_CONVERSION = YES_AGGRESSIVE;
				CLANG_CXX_LANGUAGE_STANDARD = "gnu++17";
				CLANG_CXX_LIBRARY = "libc++";
				CLANG_ENABLE_MODULES = YES;
				CLANG_ENABLE_OBJC_ARC = YES;
				CLANG_ENABLE_OBJC_WEAK = YES;
				CLANG_WARN_BLOCK_CAPTURE_AUTORELEASING = YES;
				CLANG_WARN_BOOL_CONVERSION = YES;
				CLANG_WARN_COMMA = YES;
				CLANG_WARN_CONSTANT_CONVERSION = YES;
				CLANG_WARN_DEPRECATED_OBJC_IMPLEMENTATIONS = YES;
				CLANG_WARN_DIRECT_OBJC_ISA_USAGE = YES_ERROR;
				CLANG_WARN_DOCUMENTATION_COMMENTS = YES;
				CLANG_WARN_EMPTY_BODY = YES;
				CLANG_WARN_ENUM_CONVERSION = YES;
				CLANG_WARN_INFINITE_RECURSION = YES;
				CLANG_WARN_INT_CONVERSION = YES;
				CLANG_WARN_NON_LITERAL_NULL_CONVERSION = YES;
				CLANG_WARN_OBJC_IMPLICIT_RETAIN_SELF = YES;
				CLANG_WARN_OBJC_LITERAL_CONVERSION = YES;
				CLANG_WARN_OBJC_ROOT_CLASS = YES_ERROR;
				CLANG_WARN_QUOTED_INCLUDE_IN_FRAMEWORK_HEADER = YES;
				CLANG_WARN_RANGE_LOOP_ANALYSIS = YES;
				CLANG_WARN_STRICT_PROTOTYPES = YES;
				CLANG_WARN_SUSPICIOUS_MOVE = YES;
				CLANG_WARN_UNGUARDED_AVAILABILITY = YES_AGGRESSIVE;
				CLANG_WARN_UNREACHABLE_CODE = YES;
				CLANG_WARN__DUPLICATE_METHOD_MATCH = YES;
				COPY_PHASE_STRIP = NO;
				DEBUG_INFORMATION_FORMAT = dwarf;
				ENABLE_STRICT_OBJC_MSGSEND = YES;
				ENABLE_TESTABILITY = YES;
				GCC_C_LANGUAGE_STANDARD = gnu11;
				GCC_DYNAMIC_NO_PIC = NO;
				GCC_NO_COMMON_BLOCKS = YES;
				GCC_OPTIMIZATION_LEVEL = 0;
				GCC_PREPROCESSOR_DEFINITIONS = (
					"DEBUG=1",
					"$(inherited)",
				);
				GCC_WARN_64_TO_32_BIT_CONVERSION = YES;
				GCC_WARN_ABOUT_RETURN_TYPE = YES_ERROR;
				GCC_WARN_UNDECLARED_SELECTOR = YES;
				GCC_WARN_UNINITIALIZED_AUTOS = YES_AGGRESSIVE;
				GCC_WARN_UNUSED_FUNCTION = YES;
				GCC_WARN_UNUSED_VARIABLE = YES;
				IPHONEOS_DEPLOYMENT_TARGET = 14.2;
				MTL_ENABLE_DEBUG_INFO = INCLUDE_SOURCE;
				MTL_FAST_MATH = YES;
				ONLY_ACTIVE_ARCH = YES;
				SDKROOT = iphoneos;
				SWIFT_ACTIVE_COMPILATION_CONDITIONS = DEBUG;
				SWIFT_OPTIMIZATION_LEVEL = "-Onone";
				SWIFT_VERSION = 4.2;
			};
			name = Debug;
		};
		980C0C3D2705078100F8100A /* Release */ = {
			isa = XCBuildConfiguration;
			buildSettings = {
				ALWAYS_SEARCH_USER_PATHS = NO;
				CLANG_ANALYZER_NONNULL = YES;
				CLANG_ANALYZER_NUMBER_OBJECT_CONVERSION = YES_AGGRESSIVE;
				CLANG_CXX_LANGUAGE_STANDARD = "gnu++17";
				CLANG_CXX_LIBRARY = "libc++";
				CLANG_ENABLE_MODULES = YES;
				CLANG_ENABLE_OBJC_ARC = YES;
				CLANG_ENABLE_OBJC_WEAK = YES;
				CLANG_WARN_BLOCK_CAPTURE_AUTORELEASING = YES;
				CLANG_WARN_BOOL_CONVERSION = YES;
				CLANG_WARN_COMMA = YES;
				CLANG_WARN_CONSTANT_CONVERSION = YES;
				CLANG_WARN_DEPRECATED_OBJC_IMPLEMENTATIONS = YES;
				CLANG_WARN_DIRECT_OBJC_ISA_USAGE = YES_ERROR;
				CLANG_WARN_DOCUMENTATION_COMMENTS = YES;
				CLANG_WARN_EMPTY_BODY = YES;
				CLANG_WARN_ENUM_CONVERSION = YES;
				CLANG_WARN_INFINITE_RECURSION = YES;
				CLANG_WARN_INT_CONVERSION = YES;
				CLANG_WARN_NON_LITERAL_NULL_CONVERSION = YES;
				CLANG_WARN_OBJC_IMPLICIT_RETAIN_SELF = YES;
				CLANG_WARN_OBJC_LITERAL_CONVERSION = YES;
				CLANG_WARN_OBJC_ROOT_CLASS = YES_ERROR;
				CLANG_WARN_QUOTED_INCLUDE_IN_FRAMEWORK_HEADER = YES;
				CLANG_WARN_RANGE_LOOP_ANALYSIS = YES;
				CLANG_WARN_STRICT_PROTOTYPES = YES;
				CLANG_WARN_SUSPICIOUS_MOVE = YES;
				CLANG_WARN_UNGUARDED_AVAILABILITY = YES_AGGRESSIVE;
				CLANG_WARN_UNREACHABLE_CODE = YES;
				CLANG_WARN__DUPLICATE_METHOD_MATCH = YES;
				COPY_PHASE_STRIP = NO;
				DEBUG_INFORMATION_FORMAT = "dwarf-with-dsym";
				ENABLE_NS_ASSERTIONS = NO;
				ENABLE_STRICT_OBJC_MSGSEND = YES;
				GCC_C_LANGUAGE_STANDARD = gnu11;
				GCC_NO_COMMON_BLOCKS = YES;
				GCC_WARN_64_TO_32_BIT_CONVERSION = YES;
				GCC_WARN_ABOUT_RETURN_TYPE = YES_ERROR;
				GCC_WARN_UNDECLARED_SELECTOR = YES;
				GCC_WARN_UNINITIALIZED_AUTOS = YES_AGGRESSIVE;
				GCC_WARN_UNUSED_FUNCTION = YES;
				GCC_WARN_UNUSED_VARIABLE = YES;
				IPHONEOS_DEPLOYMENT_TARGET = 14.2;
				MTL_ENABLE_DEBUG_INFO = NO;
				MTL_FAST_MATH = YES;
				SDKROOT = iphoneos;
				SWIFT_COMPILATION_MODE = wholemodule;
				SWIFT_OPTIMIZATION_LEVEL = "-O";
				SWIFT_VERSION = 4.2;
				VALIDATE_PRODUCT = YES;
			};
			name = Release;
		};
		980C0C3F2705078100F8100A /* Debug */ = {
			isa = XCBuildConfiguration;
			buildSettings = {
				ASSETCATALOG_COMPILER_APPICON_NAME = AppIcon;
				ASSETCATALOG_COMPILER_GLOBAL_ACCENT_COLOR_NAME = AccentColor;
				CODE_SIGN_STYLE = Automatic;
				CURRENT_PROJECT_VERSION = 1;
				DEVELOPMENT_TEAM = B8F644M47X;
				GENERATE_INFOPLIST_FILE = YES;
				INFOPLIST_FILE = OnboardingChallenge/Resources/Info.plist;
				INFOPLIST_KEY_UIApplicationSupportsIndirectInputEvents = YES;
				INFOPLIST_KEY_UILaunchStoryboardName = LaunchScreen;
				INFOPLIST_KEY_UISupportedInterfaceOrientations_iPad = "UIInterfaceOrientationPortrait UIInterfaceOrientationPortraitUpsideDown UIInterfaceOrientationLandscapeLeft UIInterfaceOrientationLandscapeRight";
				INFOPLIST_KEY_UISupportedInterfaceOrientations_iPhone = "UIInterfaceOrientationPortrait UIInterfaceOrientationLandscapeLeft UIInterfaceOrientationLandscapeRight";
				LD_RUNPATH_SEARCH_PATHS = (
					"$(inherited)",
					"@executable_path/Frameworks",
				);
				MARKETING_VERSION = 1.0;
				PRODUCT_BUNDLE_IDENTIFIER = com.devpass.OnboardingChallenge;
				PRODUCT_NAME = "$(TARGET_NAME)";
				SWIFT_EMIT_LOC_STRINGS = YES;
				SWIFT_VERSION = 5.0;
				TARGETED_DEVICE_FAMILY = "1,2";
			};
			name = Debug;
		};
		980C0C402705078100F8100A /* Release */ = {
			isa = XCBuildConfiguration;
			buildSettings = {
				ASSETCATALOG_COMPILER_APPICON_NAME = AppIcon;
				ASSETCATALOG_COMPILER_GLOBAL_ACCENT_COLOR_NAME = AccentColor;
				CODE_SIGN_STYLE = Automatic;
				CURRENT_PROJECT_VERSION = 1;
				DEVELOPMENT_TEAM = B8F644M47X;
				GENERATE_INFOPLIST_FILE = YES;
				INFOPLIST_FILE = OnboardingChallenge/Resources/Info.plist;
				INFOPLIST_KEY_UIApplicationSupportsIndirectInputEvents = YES;
				INFOPLIST_KEY_UILaunchStoryboardName = LaunchScreen;
				INFOPLIST_KEY_UISupportedInterfaceOrientations_iPad = "UIInterfaceOrientationPortrait UIInterfaceOrientationPortraitUpsideDown UIInterfaceOrientationLandscapeLeft UIInterfaceOrientationLandscapeRight";
				INFOPLIST_KEY_UISupportedInterfaceOrientations_iPhone = "UIInterfaceOrientationPortrait UIInterfaceOrientationLandscapeLeft UIInterfaceOrientationLandscapeRight";
				LD_RUNPATH_SEARCH_PATHS = (
					"$(inherited)",
					"@executable_path/Frameworks",
				);
				MARKETING_VERSION = 1.0;
				PRODUCT_BUNDLE_IDENTIFIER = com.devpass.OnboardingChallenge;
				PRODUCT_NAME = "$(TARGET_NAME)";
				SWIFT_EMIT_LOC_STRINGS = YES;
				SWIFT_VERSION = 5.0;
				TARGETED_DEVICE_FAMILY = "1,2";
			};
			name = Release;
		};
		98586A02270E3E4E0088A775 /* Debug */ = {
			isa = XCBuildConfiguration;
			buildSettings = {
				BUNDLE_LOADER = "$(TEST_HOST)";
				CODE_SIGN_STYLE = Automatic;
				CURRENT_PROJECT_VERSION = 1;
				DEVELOPMENT_TEAM = B8F644M47X;
				GENERATE_INFOPLIST_FILE = YES;
				LD_RUNPATH_SEARCH_PATHS = (
					"$(inherited)",
					"@executable_path/Frameworks",
					"@loader_path/Frameworks",
				);
				MARKETING_VERSION = 1.0;
				PRODUCT_BUNDLE_IDENTIFIER = com.devpass.OnboardingChallengeTests;
				PRODUCT_NAME = "$(TARGET_NAME)";
				SWIFT_EMIT_LOC_STRINGS = NO;
				SWIFT_VERSION = 5.0;
				TARGETED_DEVICE_FAMILY = "1,2";
				TEST_HOST = "$(BUILT_PRODUCTS_DIR)/OnboardingChallenge.app/OnboardingChallenge";
			};
			name = Debug;
		};
		98586A03270E3E4E0088A775 /* Release */ = {
			isa = XCBuildConfiguration;
			buildSettings = {
				BUNDLE_LOADER = "$(TEST_HOST)";
				CODE_SIGN_STYLE = Automatic;
				CURRENT_PROJECT_VERSION = 1;
				DEVELOPMENT_TEAM = B8F644M47X;
				GENERATE_INFOPLIST_FILE = YES;
				LD_RUNPATH_SEARCH_PATHS = (
					"$(inherited)",
					"@executable_path/Frameworks",
					"@loader_path/Frameworks",
				);
				MARKETING_VERSION = 1.0;
				PRODUCT_BUNDLE_IDENTIFIER = com.devpass.OnboardingChallengeTests;
				PRODUCT_NAME = "$(TARGET_NAME)";
				SWIFT_EMIT_LOC_STRINGS = NO;
				SWIFT_VERSION = 5.0;
				TARGETED_DEVICE_FAMILY = "1,2";
				TEST_HOST = "$(BUILT_PRODUCTS_DIR)/OnboardingChallenge.app/OnboardingChallenge";
			};
			name = Release;
		};
/* End XCBuildConfiguration section */

/* Begin XCConfigurationList section */
		980C0C252705077B00F8100A /* Build configuration list for PBXProject "OnboardingChallenge" */ = {
			isa = XCConfigurationList;
			buildConfigurations = (
				980C0C3C2705078100F8100A /* Debug */,
				980C0C3D2705078100F8100A /* Release */,
			);
			defaultConfigurationIsVisible = 0;
			defaultConfigurationName = Release;
		};
		980C0C3E2705078100F8100A /* Build configuration list for PBXNativeTarget "OnboardingChallenge" */ = {
			isa = XCConfigurationList;
			buildConfigurations = (
				980C0C3F2705078100F8100A /* Debug */,
				980C0C402705078100F8100A /* Release */,
			);
			defaultConfigurationIsVisible = 0;
			defaultConfigurationName = Release;
		};
		98586A04270E3E4E0088A775 /* Build configuration list for PBXNativeTarget "OnboardingChallengeTests" */ = {
			isa = XCConfigurationList;
			buildConfigurations = (
				98586A02270E3E4E0088A775 /* Debug */,
				98586A03270E3E4E0088A775 /* Release */,
			);
			defaultConfigurationIsVisible = 0;
			defaultConfigurationName = Release;
		};
/* End XCConfigurationList section */
	};
	rootObject = 980C0C222705077B00F8100A /* Project object */;
}
