PODS:
  - Kingfisher (7.1.1)
  - SnapshotTesting (1.9.0)

DEPENDENCIES:
  - Kingfisher (~> 7.0)
  - SnapshotTesting (~> 1.9.0)

SPEC REPOS:
  trunk:
    - Kingfisher
    - SnapshotTesting

SPEC CHECKSUMS:
  Kingfisher: f738f9c4a3415823b8e2985d10aa2d6a9f37bc4d
  SnapshotTesting: 6141c48b6aa76ead61431ca665c14ab9a066c53b

PODFILE CHECKSUM: 8f6e167bb1f6c12e9c1d634b11c8abf0c7d6c86a

COCOAPODS: 1.11.2
